// !$*UTF8*$!
{
	archiveVersion = 1;
	classes = {
	};
	objectVersion = 56;
	objects = {

/* Begin PBXBuildFile section */
		36D16BE5993E90B1EAE5948D /* Pods_NEUStockApp.framework in Frameworks */ = {isa = PBXBuildFile; fileRef = 302738EE406594053CFD9B42 /* Pods_NEUStockApp.framework */; };
		E542AECE299F119400555CCF /* AppDelegate.swift in Sources */ = {isa = PBXBuildFile; fileRef = E542AECD299F119400555CCF /* AppDelegate.swift */; };
		E542AED0299F119400555CCF /* SceneDelegate.swift in Sources */ = {isa = PBXBuildFile; fileRef = E542AECF299F119400555CCF /* SceneDelegate.swift */; };
		E542AED2299F119400555CCF /* ViewController.swift in Sources */ = {isa = PBXBuildFile; fileRef = E542AED1299F119400555CCF /* ViewController.swift */; };
		E542AED5299F119400555CCF /* Main.storyboard in Resources */ = {isa = PBXBuildFile; fileRef = E542AED3299F119400555CCF /* Main.storyboard */; };
		E542AED7299F119500555CCF /* Assets.xcassets in Resources */ = {isa = PBXBuildFile; fileRef = E542AED6299F119500555CCF /* Assets.xcassets */; };
		E542AEDA299F119500555CCF /* LaunchScreen.storyboard in Resources */ = {isa = PBXBuildFile; fileRef = E542AED8299F119500555CCF /* LaunchScreen.storyboard */; };
		E542AEE3299F1B5300555CCF /* Constants.swift in Sources */ = {isa = PBXBuildFile; fileRef = E542AEE2299F1B5300555CCF /* Constants.swift */; };
/* End PBXBuildFile section */

/* Begin PBXFileReference section */
		302738EE406594053CFD9B42 /* Pods_NEUStockApp.framework */ = {isa = PBXFileReference; explicitFileType = wrapper.framework; includeInIndex = 0; path = Pods_NEUStockApp.framework; sourceTree = BUILT_PRODUCTS_DIR; };
		C0AF0EB47CAF0ED4F292F27C /* Pods-NEUStockApp.debug.xcconfig */ = {isa = PBXFileReference; includeInIndex = 1; lastKnownFileType = text.xcconfig; name = "Pods-NEUStockApp.debug.xcconfig"; path = "Target Support Files/Pods-NEUStockApp/Pods-NEUStockApp.debug.xcconfig"; sourceTree = "<group>"; };
		E05DB94452F6E6F6E999EE7F /* Pods-NEUStockApp.release.xcconfig */ = {isa = PBXFileReference; includeInIndex = 1; lastKnownFileType = text.xcconfig; name = "Pods-NEUStockApp.release.xcconfig"; path = "Target Support Files/Pods-NEUStockApp/Pods-NEUStockApp.release.xcconfig"; sourceTree = "<group>"; };
		E542AECA299F119400555CCF /* NEUStockApp.app */ = {isa = PBXFileReference; explicitFileType = wrapper.application; includeInIndex = 0; path = NEUStockApp.app; sourceTree = BUILT_PRODUCTS_DIR; };
		E542AECD299F119400555CCF /* AppDelegate.swift */ = {isa = PBXFileReference; lastKnownFileType = sourcecode.swift; path = AppDelegate.swift; sourceTree = "<group>"; };
		E542AECF299F119400555CCF /* SceneDelegate.swift */ = {isa = PBXFileReference; lastKnownFileType = sourcecode.swift; path = SceneDelegate.swift; sourceTree = "<group>"; };
		E542AED1299F119400555CCF /* ViewController.swift */ = {isa = PBXFileReference; lastKnownFileType = sourcecode.swift; path = ViewController.swift; sourceTree = "<group>"; };
		E542AED4299F119400555CCF /* Base */ = {isa = PBXFileReference; lastKnownFileType = file.storyboard; name = Base; path = Base.lproj/Main.storyboard; sourceTree = "<group>"; };
		E542AED6299F119500555CCF /* Assets.xcassets */ = {isa = PBXFileReference; lastKnownFileType = folder.assetcatalog; path = Assets.xcassets; sourceTree = "<group>"; };
		E542AED9299F119500555CCF /* Base */ = {isa = PBXFileReference; lastKnownFileType = file.storyboard; name = Base; path = Base.lproj/LaunchScreen.storyboard; sourceTree = "<group>"; };
		E542AEDB299F119500555CCF /* Info.plist */ = {isa = PBXFileReference; lastKnownFileType = text.plist.xml; path = Info.plist; sourceTree = "<group>"; };
		E542AEE2299F1B5300555CCF /* Constants.swift */ = {isa = PBXFileReference; lastKnownFileType = sourcecode.swift; path = Constants.swift; sourceTree = "<group>"; };
/* End PBXFileReference section */

/* Begin PBXFrameworksBuildPhase section */
		E542AEC7299F119400555CCF /* Frameworks */ = {
			isa = PBXFrameworksBuildPhase;
			buildActionMask = 2147483647;
			files = (
				36D16BE5993E90B1EAE5948D /* Pods_NEUStockApp.framework in Frameworks */,
			);
			runOnlyForDeploymentPostprocessing = 0;
		};
/* End PBXFrameworksBuildPhase section */

/* Begin PBXGroup section */
		1694320A55D40C6EED660D00 /* Pods */ = {
			isa = PBXGroup;
			children = (
				C0AF0EB47CAF0ED4F292F27C /* Pods-NEUStockApp.debug.xcconfig */,
				E05DB94452F6E6F6E999EE7F /* Pods-NEUStockApp.release.xcconfig */,
			);
			name = Pods;
			path = Pods;
			sourceTree = "<group>";
		};
		A329B77192FF3C771EE0ED39 /* Frameworks */ = {
			isa = PBXGroup;
			children = (
				302738EE406594053CFD9B42 /* Pods_NEUStockApp.framework */,
			);
			name = Frameworks;
			sourceTree = "<group>";
		};
		E542AEC1299F119400555CCF = {
			isa = PBXGroup;
			children = (
				E542AECC299F119400555CCF /* NEUStockApp */,
				E542AECB299F119400555CCF /* Products */,
				1694320A55D40C6EED660D00 /* Pods */,
				A329B77192FF3C771EE0ED39 /* Frameworks */,
			);
			sourceTree = "<group>";
		};
		E542AECB299F119400555CCF /* Products */ = {
			isa = PBXGroup;
			children = (
				E542AECA299F119400555CCF /* NEUStockApp.app */,
			);
			name = Products;
			sourceTree = "<group>";
		};
		E542AECC299F119400555CCF /* NEUStockApp */ = {
			isa = PBXGroup;
			children = (
				E542AEE1299F1B0C00555CCF /* Utilities */,
				E542AECD299F119400555CCF /* AppDelegate.swift */,
				E542AECF299F119400555CCF /* SceneDelegate.swift */,
				E542AED1299F119400555CCF /* ViewController.swift */,
				E542AED3299F119400555CCF /* Main.storyboard */,
				E542AED6299F119500555CCF /* Assets.xcassets */,
				E542AED8299F119500555CCF /* LaunchScreen.storyboard */,
				E542AEDB299F119500555CCF /* Info.plist */,
			);
			path = NEUStockApp;
			sourceTree = "<group>";
		};
		E542AEE1299F1B0C00555CCF /* Utilities */ = {
			isa = PBXGroup;
			children = (
				E542AEE2299F1B5300555CCF /* Constants.swift */,
			);
			path = Utilities;
			sourceTree = "<group>";
		};
/* End PBXGroup section */

/* Begin PBXNativeTarget section */
		E542AEC9299F119400555CCF /* NEUStockApp */ = {
			isa = PBXNativeTarget;
			buildConfigurationList = E542AEDE299F119500555CCF /* Build configuration list for PBXNativeTarget "NEUStockApp" */;
			buildPhases = (
				87EC411ACFB1E28052EC60D2 /* [CP] Check Pods Manifest.lock */,
				E542AEC6299F119400555CCF /* Sources */,
				E542AEC7299F119400555CCF /* Frameworks */,
				E542AEC8299F119400555CCF /* Resources */,
				ADCB7966780808CB25EAEC2A /* [CP] Embed Pods Frameworks */,
			);
			buildRules = (
			);
			dependencies = (
			);
			name = NEUStockApp;
			productName = NEUStockApp;
			productReference = E542AECA299F119400555CCF /* NEUStockApp.app */;
			productType = "com.apple.product-type.application";
		};
/* End PBXNativeTarget section */

/* Begin PBXProject section */
		E542AEC2299F119400555CCF /* Project object */ = {
			isa = PBXProject;
			attributes = {
				BuildIndependentTargetsInParallel = 1;
				LastSwiftUpdateCheck = 1420;
				LastUpgradeCheck = 1420;
				TargetAttributes = {
					E542AEC9299F119400555CCF = {
						CreatedOnToolsVersion = 14.2;
					};
				};
			};
			buildConfigurationList = E542AEC5299F119400555CCF /* Build configuration list for PBXProject "NEUStockApp" */;
			compatibilityVersion = "Xcode 14.0";
			developmentRegion = en;
			hasScannedForEncodings = 0;
			knownRegions = (
				en,
				Base,
			);
			mainGroup = E542AEC1299F119400555CCF;
			productRefGroup = E542AECB299F119400555CCF /* Products */;
			projectDirPath = "";
			projectRoot = "";
			targets = (
				E542AEC9299F119400555CCF /* NEUStockApp */,
			);
		};
/* End PBXProject section */

/* Begin PBXResourcesBuildPhase section */
		E542AEC8299F119400555CCF /* Resources */ = {
			isa = PBXResourcesBuildPhase;
			buildActionMask = 2147483647;
			files = (
				E542AEDA299F119500555CCF /* LaunchScreen.storyboard in Resources */,
				E542AED7299F119500555CCF /* Assets.xcassets in Resources */,
				E542AED5299F119400555CCF /* Main.storyboard in Resources */,
			);
			runOnlyForDeploymentPostprocessing = 0;
		};
/* End PBXResourcesBuildPhase section */

/* Begin PBXShellScriptBuildPhase section */
		87EC411ACFB1E28052EC60D2 /* [CP] Check Pods Manifest.lock */ = {
			isa = PBXShellScriptBuildPhase;
			buildActionMask = 2147483647;
			files = (
			);
			inputFileListPaths = (
			);
			inputPaths = (
				"${PODS_PODFILE_DIR_PATH}/Podfile.lock",
				"${PODS_ROOT}/Manifest.lock",
			);
			name = "[CP] Check Pods Manifest.lock";
			outputFileListPaths = (
			);
			outputPaths = (
				"$(DERIVED_FILE_DIR)/Pods-NEUStockApp-checkManifestLockResult.txt",
			);
			runOnlyForDeploymentPostprocessing = 0;
			shellPath = /bin/sh;
			shellScript = "diff \"${PODS_PODFILE_DIR_PATH}/Podfile.lock\" \"${PODS_ROOT}/Manifest.lock\" > /dev/null\nif [ $? != 0 ] ; then\n    # print error to STDERR\n    echo \"error: The sandbox is not in sync with the Podfile.lock. Run 'pod install' or update your CocoaPods installation.\" >&2\n    exit 1\nfi\n# This output is used by Xcode 'outputs' to avoid re-running this script phase.\necho \"SUCCESS\" > \"${SCRIPT_OUTPUT_FILE_0}\"\n";
			showEnvVarsInLog = 0;
		};
		ADCB7966780808CB25EAEC2A /* [CP] Embed Pods Frameworks */ = {
			isa = PBXShellScriptBuildPhase;
			buildActionMask = 2147483647;
			files = (
			);
			inputFileListPaths = (
				"${PODS_ROOT}/Target Support Files/Pods-NEUStockApp/Pods-NEUStockApp-frameworks-${CONFIGURATION}-input-files.xcfilelist",
			);
			name = "[CP] Embed Pods Frameworks";
			outputFileListPaths = (
				"${PODS_ROOT}/Target Support Files/Pods-NEUStockApp/Pods-NEUStockApp-frameworks-${CONFIGURATION}-output-files.xcfilelist",
			);
			runOnlyForDeploymentPostprocessing = 0;
			shellPath = /bin/sh;
			shellScript = "\"${PODS_ROOT}/Target Support Files/Pods-NEUStockApp/Pods-NEUStockApp-frameworks.sh\"\n";
			showEnvVarsInLog = 0;
		};
/* End PBXShellScriptBuildPhase section */

/* Begin PBXSourcesBuildPhase section */
		E542AEC6299F119400555CCF /* Sources */ = {
			isa = PBXSourcesBuildPhase;
			buildActionMask = 2147483647;
			files = (
				E542AED2299F119400555CCF /* ViewController.swift in Sources */,
				E542AECE299F119400555CCF /* AppDelegate.swift in Sources */,
				E542AED0299F119400555CCF /* SceneDelegate.swift in Sources */,
				E542AEE3299F1B5300555CCF /* Constants.swift in Sources */,
			);
			runOnlyForDeploymentPostprocessing = 0;
		};
/* End PBXSourcesBuildPhase section */

/* Begin PBXVariantGroup section */
		E542AED3299F119400555CCF /* Main.storyboard */ = {
			isa = PBXVariantGroup;
			children = (
				E542AED4299F119400555CCF /* Base */,
			);
			name = Main.storyboard;
			sourceTree = "<group>";
		};
		E542AED8299F119500555CCF /* LaunchScreen.storyboard */ = {
			isa = PBXVariantGroup;
			children = (
				E542AED9299F119500555CCF /* Base */,
			);
			name = LaunchScreen.storyboard;
			sourceTree = "<group>";
		};
/* End PBXVariantGroup section */

/* Begin XCBuildConfiguration section */
		E542AEDC299F119500555CCF /* Debug */ = {
			isa = XCBuildConfiguration;
			buildSettings = {
				ALWAYS_SEARCH_USER_PATHS = NO;
				CLANG_ANALYZER_NONNULL = YES;
				CLANG_ANALYZER_NUMBER_OBJECT_CONVERSION = YES_AGGRESSIVE;
				CLANG_CXX_LANGUAGE_STANDARD = "gnu++20";
				CLANG_ENABLE_MODULES = YES;
				CLANG_ENABLE_OBJC_ARC = YES;
				CLANG_ENABLE_OBJC_WEAK = YES;
				CLANG_WARN_BLOCK_CAPTURE_AUTORELEASING = YES;
				CLANG_WARN_BOOL_CONVERSION = YES;
				CLANG_WARN_COMMA = YES;
				CLANG_WARN_CONSTANT_CONVERSION = YES;
				CLANG_WARN_DEPRECATED_OBJC_IMPLEMENTATIONS = YES;
				CLANG_WARN_DIRECT_OBJC_ISA_USAGE = YES_ERROR;
				CLANG_WARN_DOCUMENTATION_COMMENTS = YES;
				CLANG_WARN_EMPTY_BODY = YES;
				CLANG_WARN_ENUM_CONVERSION = YES;
				CLANG_WARN_INFINITE_RECURSION = YES;
				CLANG_WARN_INT_CONVERSION = YES;
				CLANG_WARN_NON_LITERAL_NULL_CONVERSION = YES;
				CLANG_WARN_OBJC_IMPLICIT_RETAIN_SELF = YES;
				CLANG_WARN_OBJC_LITERAL_CONVERSION = YES;
				CLANG_WARN_OBJC_ROOT_CLASS = YES_ERROR;
				CLANG_WARN_QUOTED_INCLUDE_IN_FRAMEWORK_HEADER = YES;
				CLANG_WARN_RANGE_LOOP_ANALYSIS = YES;
				CLANG_WARN_STRICT_PROTOTYPES = YES;
				CLANG_WARN_SUSPICIOUS_MOVE = YES;
				CLANG_WARN_UNGUARDED_AVAILABILITY = YES_AGGRESSIVE;
				CLANG_WARN_UNREACHABLE_CODE = YES;
				CLANG_WARN__DUPLICATE_METHOD_MATCH = YES;
				COPY_PHASE_STRIP = NO;
				DEBUG_INFORMATION_FORMAT = dwarf;
				ENABLE_STRICT_OBJC_MSGSEND = YES;
				ENABLE_TESTABILITY = YES;
				GCC_C_LANGUAGE_STANDARD = gnu11;
				GCC_DYNAMIC_NO_PIC = NO;
				GCC_NO_COMMON_BLOCKS = YES;
				GCC_OPTIMIZATION_LEVEL = 0;
				GCC_PREPROCESSOR_DEFINITIONS = (
					"DEBUG=1",
					"$(inherited)",
				);
				GCC_WARN_64_TO_32_BIT_CONVERSION = YES;
				GCC_WARN_ABOUT_RETURN_TYPE = YES_ERROR;
				GCC_WARN_UNDECLARED_SELECTOR = YES;
				GCC_WARN_UNINITIALIZED_AUTOS = YES_AGGRESSIVE;
				GCC_WARN_UNUSED_FUNCTION = YES;
				GCC_WARN_UNUSED_VARIABLE = YES;
				IPHONEOS_DEPLOYMENT_TARGET = 16.2;
				MTL_ENABLE_DEBUG_INFO = INCLUDE_SOURCE;
				MTL_FAST_MATH = YES;
				ONLY_ACTIVE_ARCH = YES;
				SDKROOT = iphoneos;
				SWIFT_ACTIVE_COMPILATION_CONDITIONS = DEBUG;
				SWIFT_OPTIMIZATION_LEVEL = "-Onone";
			};
			name = Debug;
		};
		E542AEDD299F119500555CCF /* Release */ = {
			isa = XCBuildConfiguration;
			buildSettings = {
				ALWAYS_SEARCH_USER_PATHS = NO;
				CLANG_ANALYZER_NONNULL = YES;
				CLANG_ANALYZER_NUMBER_OBJECT_CONVERSION = YES_AGGRESSIVE;
				CLANG_CXX_LANGUAGE_STANDARD = "gnu++20";
				CLANG_ENABLE_MODULES = YES;
				CLANG_ENABLE_OBJC_ARC = YES;
				CLANG_ENABLE_OBJC_WEAK = YES;
				CLANG_WARN_BLOCK_CAPTURE_AUTORELEASING = YES;
				CLANG_WARN_BOOL_CONVERSION = YES;
				CLANG_WARN_COMMA = YES;
				CLANG_WARN_CONSTANT_CONVERSION = YES;
				CLANG_WARN_DEPRECATED_OBJC_IMPLEMENTATIONS = YES;
				CLANG_WARN_DIRECT_OBJC_ISA_USAGE = YES_ERROR;
				CLANG_WARN_DOCUMENTATION_COMMENTS = YES;
				CLANG_WARN_EMPTY_BODY = YES;
				CLANG_WARN_ENUM_CONVERSION = YES;
				CLANG_WARN_INFINITE_RECURSION = YES;
				CLANG_WARN_INT_CONVERSION = YES;
				CLANG_WARN_NON_LITERAL_NULL_CONVERSION = YES;
				CLANG_WARN_OBJC_IMPLICIT_RETAIN_SELF = YES;
				CLANG_WARN_OBJC_LITERAL_CONVERSION = YES;
				CLANG_WARN_OBJC_ROOT_CLASS = YES_ERROR;
				CLANG_WARN_QUOTED_INCLUDE_IN_FRAMEWORK_HEADER = YES;
				CLANG_WARN_RANGE_LOOP_ANALYSIS = YES;
				CLANG_WARN_STRICT_PROTOTYPES = YES;
				CLANG_WARN_SUSPICIOUS_MOVE = YES;
				CLANG_WARN_UNGUARDED_AVAILABILITY = YES_AGGRESSIVE;
				CLANG_WARN_UNREACHABLE_CODE = YES;
				CLANG_WARN__DUPLICATE_METHOD_MATCH = YES;
				COPY_PHASE_STRIP = NO;
				DEBUG_INFORMATION_FORMAT = "dwarf-with-dsym";
				ENABLE_NS_ASSERTIONS = NO;
				ENABLE_STRICT_OBJC_MSGSEND = YES;
				GCC_C_LANGUAGE_STANDARD = gnu11;
				GCC_NO_COMMON_BLOCKS = YES;
				GCC_WARN_64_TO_32_BIT_CONVERSION = YES;
				GCC_WARN_ABOUT_RETURN_TYPE = YES_ERROR;
				GCC_WARN_UNDECLARED_SELECTOR = YES;
				GCC_WARN_UNINITIALIZED_AUTOS = YES_AGGRESSIVE;
				GCC_WARN_UNUSED_FUNCTION = YES;
				GCC_WARN_UNUSED_VARIABLE = YES;
				IPHONEOS_DEPLOYMENT_TARGET = 16.2;
				MTL_ENABLE_DEBUG_INFO = NO;
				MTL_FAST_MATH = YES;
				SDKROOT = iphoneos;
				SWIFT_COMPILATION_MODE = wholemodule;
				SWIFT_OPTIMIZATION_LEVEL = "-O";
				VALIDATE_PRODUCT = YES;
			};
			name = Release;
		};
		E542AEDF299F119500555CCF /* Debug */ = {
			isa = XCBuildConfiguration;
			baseConfigurationReference = C0AF0EB47CAF0ED4F292F27C /* Pods-NEUStockApp.debug.xcconfig */;
			buildSettings = {
				ASSETCATALOG_COMPILER_APPICON_NAME = AppIcon;
				ASSETCATALOG_COMPILER_GLOBAL_ACCENT_COLOR_NAME = AccentColor;
				CODE_SIGN_STYLE = Automatic;
				CURRENT_PROJECT_VERSION = 1;
				DEVELOPMENT_TEAM = 2CLVYV67UW;
				GENERATE_INFOPLIST_FILE = YES;
				INFOPLIST_FILE = NEUStockApp/Info.plist;
				INFOPLIST_KEY_UIApplicationSupportsIndirectInputEvents = YES;
				INFOPLIST_KEY_UILaunchStoryboardName = LaunchScreen;
				INFOPLIST_KEY_UIMainStoryboardFile = Main;
				INFOPLIST_KEY_UISupportedInterfaceOrientations_iPad = "UIInterfaceOrientationPortrait UIInterfaceOrientationPortraitUpsideDown UIInterfaceOrientationLandscapeLeft UIInterfaceOrientationLandscapeRight";
				INFOPLIST_KEY_UISupportedInterfaceOrientations_iPhone = "UIInterfaceOrientationPortrait UIInterfaceOrientationLandscapeLeft UIInterfaceOrientationLandscapeRight";
				LD_RUNPATH_SEARCH_PATHS = (
					"$(inherited)",
					"@executable_path/Frameworks",
				);
				MARKETING_VERSION = 1.0;
				PRODUCT_BUNDLE_IDENTIFIER = edu.northeastern.xiangyang.NEUStockApp;
				PRODUCT_NAME = "$(TARGET_NAME)";
				SWIFT_EMIT_LOC_STRINGS = YES;
				SWIFT_VERSION = 5.0;
				TARGETED_DEVICE_FAMILY = "1,2";
			};
			name = Debug;
		};
		E542AEE0299F119500555CCF /* Release */ = {
			isa = XCBuildConfiguration;
			baseConfigurationReference = E05DB94452F6E6F6E999EE7F /* Pods-NEUStockApp.release.xcconfig */;
			buildSettings = {
				ASSETCATALOG_COMPILER_APPICON_NAME = AppIcon;
				ASSETCATALOG_COMPILER_GLOBAL_ACCENT_COLOR_NAME = AccentColor;
				CODE_SIGN_STYLE = Automatic;
				CURRENT_PROJECT_VERSION = 1;
				DEVELOPMENT_TEAM = 2CLVYV67UW;
				GENERATE_INFOPLIST_FILE = YES;
				INFOPLIST_FILE = NEUStockApp/Info.plist;
				INFOPLIST_KEY_UIApplicationSupportsIndirectInputEvents = YES;
				INFOPLIST_KEY_UILaunchStoryboardName = LaunchScreen;
				INFOPLIST_KEY_UIMainStoryboardFile = Main;
				INFOPLIST_KEY_UISupportedInterfaceOrientations_iPad = "UIInterfaceOrientationPortrait UIInterfaceOrientationPortraitUpsideDown UIInterfaceOrientationLandscapeLeft UIInterfaceOrientationLandscapeRight";
				INFOPLIST_KEY_UISupportedInterfaceOrientations_iPhone = "UIInterfaceOrientationPortrait UIInterfaceOrientationLandscapeLeft UIInterfaceOrientationLandscapeRight";
				LD_RUNPATH_SEARCH_PATHS = (
					"$(inherited)",
					"@executable_path/Frameworks",
				);
				MARKETING_VERSION = 1.0;
				PRODUCT_BUNDLE_IDENTIFIER = edu.northeastern.xiangyang.NEUStockApp;
				PRODUCT_NAME = "$(TARGET_NAME)";
				SWIFT_EMIT_LOC_STRINGS = YES;
				SWIFT_VERSION = 5.0;
				TARGETED_DEVICE_FAMILY = "1,2";
			};
			name = Release;
		};
/* End XCBuildConfiguration section */

/* Begin XCConfigurationList section */
		E542AEC5299F119400555CCF /* Build configuration list for PBXProject "NEUStockApp" */ = {
			isa = XCConfigurationList;
			buildConfigurations = (
				E542AEDC299F119500555CCF /* Debug */,
				E542AEDD299F119500555CCF /* Release */,
			);
			defaultConfigurationIsVisible = 0;
			defaultConfigurationName = Release;
		};
		E542AEDE299F119500555CCF /* Build configuration list for PBXNativeTarget "NEUStockApp" */ = {
			isa = XCConfigurationList;
			buildConfigurations = (
				E542AEDF299F119500555CCF /* Debug */,
				E542AEE0299F119500555CCF /* Release */,
			);
			defaultConfigurationIsVisible = 0;
			defaultConfigurationName = Release;
		};
/* End XCConfigurationList section */
	};
	rootObject = E542AEC2299F119400555CCF /* Project object */;
}
